
Microsoft Visual Studio Solution File, Format Version 12.00
# Visual Studio 2012
VisualStudioVersion = 12.0.21005.1
MinimumVisualStudioVersion = 10.0.40219.1
Project("{FAE04EC0-301F-11D3-BF4B-00C04F79EFBC}") = "TaskProcessor", "TaskProcessor\TaskProcessor.csproj", "{86BDE3BE-6EDC-4378-A95B-21EBC527128B}"
EndProject
Project("{FAE04EC0-301F-11D3-BF4B-00C04F79EFBC}") = "TaskProcessor.Contracts", "TaskProcessor.Contracts\TaskProcessor.Contracts.csproj", "{C8E09E16-A774-4527-B023-A060B87B905C}"
EndProject
Project("{FAE04EC0-301F-11D3-BF4B-00C04F79EFBC}") = "TaskProcessor.Tests", "TaskProcessor.Tests\TaskProcessor.Tests.csproj", "{A5952A2D-B78C-4167-9D99-964729A82B7D}"
EndProject
Project("{2150E333-8FDC-42A3-9474-1A3956D46DE8}") = ".nuget", ".nuget", "{3738224F-2D74-4D24-9F2B-09AAFEB13183}"
	ProjectSection(SolutionItems) = preProject
		.nuget\NuGet.Config = .nuget\NuGet.Config
		.nuget\nuget.exe = .nuget\nuget.exe
		.nuget\NuGet.targets = .nuget\NuGet.targets
	EndProjectSection
EndProject
Project("{FAE04EC0-301F-11D3-BF4B-00C04F79EFBC}") = "TaskProcessor.Api", "TaskProcessor.Api\TaskProcessor.Api.csproj", "{A6E83D06-A369-404A-B42A-90D651EA9DB6}"
EndProject
Project("{2150E333-8FDC-42A3-9474-1A3956D46DE8}") = "Solution Items", "Solution Items", "{633DDCFD-1C79-4B03-9544-1E7D9FED7815}"
	ProjectSection(SolutionItems) = preProject
		README.md = README.md
	EndProjectSection
EndProject
Global
	GlobalSection(SolutionConfigurationPlatforms) = preSolution
		Debug|x86 = Debug|x86
		Release|x86 = Release|x86
	EndGlobalSection
	GlobalSection(ProjectConfigurationPlatforms) = postSolution
		{86BDE3BE-6EDC-4378-A95B-21EBC527128B}.Debug|x86.ActiveCfg = Debug|x86
		{86BDE3BE-6EDC-4378-A95B-21EBC527128B}.Debug|x86.Build.0 = Debug|x86
		{86BDE3BE-6EDC-4378-A95B-21EBC527128B}.Release|x86.ActiveCfg = Release|x86
		{86BDE3BE-6EDC-4378-A95B-21EBC527128B}.Release|x86.Build.0 = Release|x86
		{A5952A2D-B78C-4167-9D99-964729A82B7D}.Debug|x86.ActiveCfg = Debug|Any CPU
		{A5952A2D-B78C-4167-9D99-964729A82B7D}.Debug|x86.Build.0 = Debug|Any CPU
		{A5952A2D-B78C-4167-9D99-964729A82B7D}.Release|x86.ActiveCfg = Release|Any CPU
		{A5952A2D-B78C-4167-9D99-964729A82B7D}.Release|x86.Build.0 = Release|Any CPU
		{A6E83D06-A369-404A-B42A-90D651EA9DB6}.Debug|x86.ActiveCfg = Debug|x86
		{A6E83D06-A369-404A-B42A-90D651EA9DB6}.Debug|x86.Build.0 = Debug|x86
		{A6E83D06-A369-404A-B42A-90D651EA9DB6}.Release|x86.ActiveCfg = Release|x86
		{A6E83D06-A369-404A-B42A-90D651EA9DB6}.Release|x86.Build.0 = Release|x86
		{C8E09E16-A774-4527-B023-A060B87B905C}.Debug|x86.ActiveCfg = Debug|Any CPU
		{C8E09E16-A774-4527-B023-A060B87B905C}.Debug|x86.Build.0 = Debug|Any CPU
		{C8E09E16-A774-4527-B023-A060B87B905C}.Release|x86.ActiveCfg = Release|Any CPU
		{C8E09E16-A774-4527-B023-A060B87B905C}.Release|x86.Build.0 = Release|Any CPU
	EndGlobalSection
	GlobalSection(NestedProjects) = preSolution
	EndGlobalSection
	GlobalSection(MonoDevelopProperties) = preSolution
		StartupItem = TaskProcessor\TaskProcessor.csproj
		Policies = $0
		$0.DotNetNamingPolicy = $1
		$1.DirectoryNamespaceAssociation = PrefixedHierarchical
		$1.ResourceNamePolicy = FileFormatDefault
	EndGlobalSection
	GlobalSection(SolutionProperties) = preSolution
		HideSolutionNode = FALSE
	EndGlobalSection
EndGlobal
